PODS:
  - FlutterMacOS (1.0.0)
  - just_audio (0.0.1):
    - FlutterMacOS

DEPENDENCIES:
  - FlutterMacOS (from `Flutter/ephemeral/.symlinks/flutter/darwin-x64`)
  - just_audio (from `Flutter/ephemeral/.symlinks/plugins/just_audio/macos`)

EXTERNAL SOURCES:
  FlutterMacOS:
    :path: Flutter/ephemeral/.symlinks/flutter/darwin-x64
  just_audio:
    :path: Flutter/ephemeral/.symlinks/plugins/just_audio/macos

SPEC CHECKSUMS:
  FlutterMacOS: 15bea8a44d2fa024068daa0140371c020b4b6ff9
  just_audio: 1a11463e7e522bd4e8caa925b4247f1360cbe5a2

PODFILE CHECKSUM: d8ba9b3e9e93c62c74a660b46c6fcb09f03991a7

COCOAPODS: 1.7.5
